{
    "_meta": {
        "hash": {
            "sha256": "ede5258858a5f348514f76c5d8c03ff5f08cb97d845295c0fd51e1fda08f5c2e"
        },
        "pipfile-spec": 6,
        "requires": {
            "python_version": "3.9"
        },
        "sources": [
            {
                "name": "pypi",
                "url": "https://pypi.org/simple",
                "verify_ssl": true
            }
        ]
    },
    "default": {
        "attrs": {
            "hashes": [
                "sha256:31b2eced602aa8423c2aea9c76a724617ed67cf9513173fd3a4f03e3a929c7e6",
                "sha256:832aa3cde19744e49938b91fea06d69ecb9e649c93ba974535d08ad92164f700"
            ],
            "markers": "python_version >= '2.7' and python_version not in '3.0, 3.1, 3.2, 3.3'",
            "version": "==20.3.0"
        },
        "aws-cdk.aws-iam": {
            "hashes": [
                "sha256:7ba923894c6ecce33147527dccbf90fdaecc7a5561b2ca9398623f1f063f898c",
                "sha256:fe4e3138d6544755cbeb2400fd770b583b01906443648a4588085de2e781707f"
            ],
            "index": "pypi",
            "version": "==1.115.0"
        },
        "aws-cdk.cloud-assembly-schema": {
            "hashes": [
                "sha256:0686e6f7e5da48dbd2ff724953d51eb0495b6772bdb17400024bb42e6fe05baf",
                "sha256:d565a8418e0cc05d3471dd48424477528d72bdd7d17adc9a049068559666a3ae"
            ],
            "markers": "python_version >= '3.6'",
            "version": "==1.115.0"
        },
        "aws-cdk.core": {
            "hashes": [
                "sha256:42a691cc183219ce76eb58e17507edf768a0f5eca0ea98661b4b1f16f178b90d",
                "sha256:93a8e3d87f79af75866bf3f1cfc702dd5664526ec0f70a1c5f7ade82cb1536b1"
            ],
            "index": "pypi",
            "version": "==1.115.0"
        },
        "aws-cdk.cx-api": {
            "hashes": [
                "sha256:10251ef8deaf7acfb7f7356e07c53cd86bbd8725631795e1ce8f8891bcaffad0",
                "sha256:6c03bc14f8d645e63329cb152b2f1fe339a556c297f1c3ecfa75ca9a981f9dca"
            ],
            "markers": "python_version >= '3.6'",
            "version": "==1.115.0"
        },
        "aws-cdk.region-info": {
            "hashes": [
                "sha256:4f6b282fa495c244c1f96deea4aed77e702312373204e34b3bba53da27851974",
                "sha256:b346bdab4bf54a5956fab020bc085b6c2c304f485dd2d09c8fb586728dfe7c11"
            ],
            "markers": "python_version >= '3.6'",
            "version": "==1.115.0"
        },
        "cattrs": {
            "hashes": [
                "sha256:3e2cd5dc8a1006d5da53ddcbf4f0b1dd3a21e294323b257678d0a96721f8253a",
                "sha256:c8de53900e3acad94ca83750eb12bb38aa85ce9114be47177c943e2f0eca63b0"
            ],
            "markers": "python_version >= '3.7'",
            "version": "==1.6.0"
        },
        "constructs": {
            "hashes": [
                "sha256:0dbb083b0efbedf7b51d77791da356270bc260a09e793420afbf2864f94576bc",
                "sha256:e0f133d56888c85a743a5cdaa66345ef229ea6e4fbdadcf353317f10a93d70e1"
            ],
            "markers": "python_version >= '3.6'",
            "version": "==3.3.104"
        },
        "jsii": {
            "hashes": [
                "sha256:b95e7747812e16cafbfde80b714d9b684c7a4ee57a00cbaf8f138d5868bdb2ae",
                "sha256:c71321c4b74ed2c29edc9943c22a36c60a8626df6e0a7173b9ae41366b1a9cb9"
            ],
            "markers": "python_version ~= '3.6'",
            "version": "==1.32.0"
        },
        "publication": {
            "hashes": [
                "sha256:0248885351febc11d8a1098d5c8e3ab2dabcf3e8c0c96db1e17ecd12b53afbe6",
                "sha256:68416a0de76dddcdd2930d1c8ef853a743cc96c82416c4e4d3b5d901c6276dc4"
            ],
            "version": "==0.0.3"
        },
        "python-dateutil": {
            "hashes": [
                "sha256:0123cacc1627ae19ddf3c27a5de5bd67ee4586fbdd6440d9748f8abb483d3e86",
                "sha256:961d03dc3453ebbc59dbdea9e4e11c5651520a876d0f4db161e8674aae935da9"
            ],
            "markers": "python_version >= '2.7' and python_version not in '3.0, 3.1, 3.2, 3.3'",
            "version": "==2.8.2"
        },
        "six": {
            "hashes": [
                "sha256:1e61c37477a1626458e36f7b1d82aa5c9b094fa4802892072e49de9c60c4c926",
                "sha256:8abb2f1d86890a2dfb989f9a77cfcfd3e47c2a354b01111771326f8aa26e0254"
            ],
            "markers": "python_version >= '2.7' and python_version not in '3.0, 3.1, 3.2, 3.3'",
            "version": "==1.16.0"
        },
        "typing-extensions": {
            "hashes": [
                "sha256:0ac0f89795dd19de6b97debb0c6af1c70987fd80a2d62d1958f7e56fcc31b497",
                "sha256:50b6f157849174217d0656f99dc82fe932884fb250826c18350e159ec6cdf342",
                "sha256:779383f6086d90c99ae41cf0ff39aac8a7937a9283ce0a414e5dd782f4c94a84"
            ],
            "version": "==3.10.0.0"
        }
    },
    "develop": {}
}
